{
  "object": {
    "pins": [
      {
        "package": "Files",
        "repositoryURL": "https://github.com/JohnSundell/Files.git",
        "state": {
          "branch": "master",
          "revision": "9c9d5f65123742d0180b25d754b942bcc8010d4e",
          "version": null
        }
      },
      {
        "package": "FileSmith",
        "repositoryURL": "https://github.com/kareman/FileSmith.git",
        "state": {
          "branch": null,
          "revision": "476472740a38c64634b388f2b311ec518bfa3265",
          "version": "0.3.0"
        }
      },
      {
        "package": "ScriptToolkit",
        "repositoryURL": "https://github.com/DanielCech/ScriptToolkit.git",
        "state": {
          "branch": "master",
          "revision": "5b368d3c4f17d66ebd79cd87dabaeefb33f6ef6a",
          "version": null
        }
      },
      {
        "package": "SwiftShell",
        "repositoryURL": "https://github.com/kareman/SwiftShell.git",
        "state": {
          "branch": "master",
          "revision": "a6014fe94c3dbff0ad500e8da4f251a5d336530b",
          "version": null
        }
      }
    ]
  },
  "version": 1
}
