{
  "object": {
    "pins": [
      {
        "package": "Files",
        "repositoryURL": "https://github.com/JohnSundell/Files.git",
        "state": {
          "branch": null,
          "revision": "e85f2b4a8dfa0f242889f45236f3867d16e40480",
          "version": "4.3.0"
        }
      },
      {
        "package": "Moderator",
        "repositoryURL": "https://github.com/DanielCech/Moderator.git",
        "state": {
          "branch": null,
          "revision": "b9c7e870caba30204903cf768367b7a5dc4ae3fa",
          "version": "0.5.6"
        }
      },
      {
        "package": "SwiftShell",
        "repositoryURL": "https://github.com/kareman/SwiftShell.git",
        "state": {
          "branch": null,
          "revision": "5b2207cd7177567e4efd9366d554c384037ef42f",
          "version": "5.1.1"
        }
      }
    ]
  },
  "version": 1
}
