{
  "object": {
    "pins": [
      {
        "package": "Files",
        "repositoryURL": "https://github.com/JohnSundell/Files.git",
        "state": {
          "branch": null,
          "revision": "a84615f4558151fab52ac38df697ce2442991f93",
          "version": "2.3.0"
        }
      },
      {
        "package": "Moderator",
        "repositoryURL": "https://github.com/DanielCech/Moderator.git",
        "state": {
          "branch": null,
          "revision": "b9c7e870caba30204903cf768367b7a5dc4ae3fa",
          "version": "0.5.6"
        }
      },
      {
        "package": "ScriptToolkit",
        "repositoryURL": "https://github.com/DanielCech/ScriptToolkit.git",
        "state": {
          "branch": null,
          "revision": "1e8865a0cda840dea1f22f4ca9fcca64f9a582b5",
          "version": "0.1.38"
        }
      },
      {
        "package": "SwiftShell",
        "repositoryURL": "https://github.com/kareman/SwiftShell.git",
        "state": {
          "branch": null,
          "revision": "beebe43c986d89ea5359ac3adcb42dac94e5e08a",
          "version": "4.1.2"
        }
      }
    ]
  },
  "version": 1
}
