<?xml version="1.0" encoding="UTF-8"?>
<Scheme
   LastUpgradeVersion = "1620"
   version = "1.7">
   <BuildAction
      parallelizeBuildables = "YES"
      buildImplicitDependencies = "YES"
      buildArchitectures = "Automatic">
      <BuildActionEntries>
         <BuildActionEntry
            buildForTesting = "YES"
            buildForRunning = "YES"
            buildForProfiling = "YES"
            buildForArchiving = "YES"
            buildForAnalyzing = "YES">
            <BuildableReference
               BuildableIdentifier = "primary"
               BlueprintIdentifier = "VersionIcon"
               BuildableName = "VersionIcon"
               BlueprintName = "VersionIcon"
               ReferencedContainer = "container:">
            </BuildableReference>
         </BuildActionEntry>
      </BuildActionEntries>
   </BuildAction>
   <TestAction
      buildConfiguration = "Debug"
      selectedDebuggerIdentifier = "Xcode.DebuggerFoundation.Debugger.LLDB"
      selectedLauncherIdentifier = "Xcode.DebuggerFoundation.Launcher.LLDB"
      shouldUseLaunchSchemeArgsEnv = "YES"
      shouldAutocreateTestPlan = "YES">
      <Testables>
         <TestableReference
            skipped = "NO">
            <BuildableReference
               BuildableIdentifier = "primary"
               BlueprintIdentifier = "VersionIconTests"
               BuildableName = "VersionIconTests"
               BlueprintName = "VersionIconTests"
               ReferencedContainer = "container:">
            </BuildableReference>
         </TestableReference>
      </Testables>
   </TestAction>
   <LaunchAction
      buildConfiguration = "Debug"
      selectedDebuggerIdentifier = "Xcode.DebuggerFoundation.Debugger.LLDB"
      selectedLauncherIdentifier = "Xcode.DebuggerFoundation.Launcher.LLDB"
      launchStyle = "0"
      useCustomWorkingDirectory = "YES"
      customWorkingDirectory = "/Users/danielcech/Developer/Projects-iOS/TechnoAlpin/iOS/App"
      ignoresPersistentStateOnLaunch = "NO"
      debugDocumentVersioning = "YES"
      debugServiceExtension = "internal"
      allowLocationSimulation = "YES">
      <BuildableProductRunnable
         runnableDebuggingMode = "0">
         <BuildableReference
            BuildableIdentifier = "primary"
            BlueprintIdentifier = "VersionIcon"
            BuildableName = "VersionIcon"
            BlueprintName = "VersionIcon"
            ReferencedContainer = "container:">
         </BuildableReference>
      </BuildableProductRunnable>
      <CommandLineArguments>
         <CommandLineArgument
            argument = "--ribbon"
            isEnabled = "YES">
         </CommandLineArgument>
         <CommandLineArgument
            argument = "Red-TopRight.png"
            isEnabled = "YES">
         </CommandLineArgument>
         <CommandLineArgument
            argument = "--title"
            isEnabled = "YES">
         </CommandLineArgument>
         <CommandLineArgument
            argument = "Prod-TopRight.png"
            isEnabled = "YES">
         </CommandLineArgument>
         <CommandLineArgument
            argument = "--resources"
            isEnabled = "YES">
         </CommandLineArgument>
         <CommandLineArgument
            argument = "/Users/danielcech/Developer/Projects-iOS/TechnoAlpin/iOS/Tuist/.build/checkouts/ios-version-icon/Bin"
            isEnabled = "YES">
         </CommandLineArgument>
      </CommandLineArguments>
      <EnvironmentVariables>
         <EnvironmentVariable
            key = "PROJECT_DIR"
            value = "/Users/danielcech/Developer/Projects-iOS/TechnoAlpin/iOS/App"
            isEnabled = "YES">
         </EnvironmentVariable>
         <EnvironmentVariable
            key = "SRCROOT"
            value = "/Users/danielcech/Developer/Projects-iOS/TechnoAlpin/iOS/App"
            isEnabled = "YES">
         </EnvironmentVariable>
         <EnvironmentVariable
            key = "INFOPLIST_FILE"
            value = "TechnoAlpin/Application/Info.plist"
            isEnabled = "YES">
         </EnvironmentVariable>
      </EnvironmentVariables>
   </LaunchAction>
   <ProfileAction
      buildConfiguration = "Release"
      shouldUseLaunchSchemeArgsEnv = "YES"
      savedToolIdentifier = ""
      useCustomWorkingDirectory = "NO"
      debugDocumentVersioning = "YES">
      <BuildableProductRunnable
         runnableDebuggingMode = "0">
         <BuildableReference
            BuildableIdentifier = "primary"
            BlueprintIdentifier = "VersionIcon"
            BuildableName = "VersionIcon"
            BlueprintName = "VersionIcon"
            ReferencedContainer = "container:">
         </BuildableReference>
      </BuildableProductRunnable>
   </ProfileAction>
   <AnalyzeAction
      buildConfiguration = "Debug">
   </AnalyzeAction>
   <ArchiveAction
      buildConfiguration = "Release"
      revealArchiveInOrganizer = "YES">
   </ArchiveAction>
</Scheme>
